
Microsoft Visual Studio Solution File, Format Version 12.00
# Visual Studio Version 17
VisualStudioVersion = 17.11.35208.52
MinimumVisualStudioVersion = 10.0.40219.1
Project("{9A19103F-16F7-4668-BE54-9A1E7A4F7556}") = "MentorService", "MentorService.csproj", "{B55B8073-D10F-4ED5-B11F-7149511328BB}"
EndProject
Global
	GlobalSection(SolutionConfigurationPlatforms) = preSolution
		Debug|Any CPU = Debug|Any CPU
		Release|Any CPU = Release|Any CPU
	EndGlobalSection
	GlobalSection(ProjectConfigurationPlatforms) = postSolution
		{B55B8073-D10F-4ED5-B11F-7149511328BB}.Debug|Any CPU.ActiveCfg = Debug|Any CPU
		{B55B8073-D10F-4ED5-B11F-7149511328BB}.Debug|Any CPU.Build.0 = Debug|Any CPU
		{B55B8073-D10F-4ED5-B11F-7149511328BB}.Release|Any CPU.ActiveCfg = Release|Any CPU
		{B55B8073-D10F-4ED5-B11F-7149511328BB}.Release|Any CPU.Build.0 = Release|Any CPU
	EndGlobalSection
	GlobalSection(SolutionProperties) = preSolution
		HideSolutionNode = FALSE
	EndGlobalSection
	GlobalSection(ExtensibilityGlobals) = postSolution
		SolutionGuid = {51B39A51-9703-4296-83C5-C746A7B744D0}
	EndGlobalSection
EndGlobal
